// !$*UTF8*$!
{
	archiveVersion = 1;
	classes = {
	};
	objectVersion = 77;
	objects = {

/* Begin PBXBuildFile section */
		CED9DE6C2E362A1D00203A83 /* Config.plist in Resources */ = {isa = PBXBuildFile; fileRef = CED9DE6B2E362A1D00203A83 /* Config.plist */; };
		CED9DE6E2E362A2C00203A83 /* Config.example.plist in Resources */ = {isa = PBXBuildFile; fileRef = CED9DE6D2E362A2C00203A83 /* Config.example.plist */; };
/* End PBXBuildFile section */

/* Begin PBXContainerItemProxy section */
		CEF7B1F22E33FAB600FB26B3 /* PBXContainerItemProxy */ = {
			isa = PBXContainerItemProxy;
			containerPortal = CEF7B1D82E33FAB400FB26B3 /* Project object */;
			proxyType = 1;
			remoteGlobalIDString = CEF7B1DF2E33FAB400FB26B3;
			remoteInfo = CryptoSavingsTracker;
		};
		CEF7B1FC2E33FAB600FB26B3 /* PBXContainerItemProxy */ = {
			isa = PBXContainerItemProxy;
			containerPortal = CEF7B1D82E33FAB400FB26B3 /* Project object */;
			proxyType = 1;
			remoteGlobalIDString = CEF7B1DF2E33FAB400FB26B3;
			remoteInfo = CryptoSavingsTracker;
		};
/* End PBXContainerItemProxy section */

/* Begin PBXFileReference section */
		2DA29DF83F0229CE3C706F95 /* ExecutionTrackingService.swift */ = {isa = PBXFileReference; includeInIndex = 1; lastKnownFileType = sourcecode.swift; name = ExecutionTrackingService.swift; path = CryptoSavingsTracker/Services/ExecutionTrackingService.swift; sourceTree = "<group>"; };
		4FA0A0551D616B6ACF8B3567 /* MonthlyExecutionView.swift */ = {isa = PBXFileReference; includeInIndex = 1; lastKnownFileType = sourcecode.swift; name = MonthlyExecutionView.swift; path = CryptoSavingsTracker/Views/Planning/MonthlyExecutionView.swift; sourceTree = "<group>"; };
		51F018F76A9D8C23B84771F0 /* MonthlyPlanningContainer.swift */ = {isa = PBXFileReference; includeInIndex = 1; lastKnownFileType = sourcecode.swift; name = MonthlyPlanningContainer.swift; path = CryptoSavingsTracker/Views/Planning/MonthlyPlanningContainer.swift; sourceTree = "<group>"; };
		6214ED137F0705A07D8747E0 /* MonthlyExecutionViewModel.swift */ = {isa = PBXFileReference; includeInIndex = 1; lastKnownFileType = sourcecode.swift; name = MonthlyExecutionViewModel.swift; path = CryptoSavingsTracker/ViewModels/MonthlyExecutionViewModel.swift; sourceTree = "<group>"; };
		94025BA93C3464506EF2FBF8 /* ExecutionSnapshot.swift */ = {isa = PBXFileReference; includeInIndex = 1; lastKnownFileType = sourcecode.swift; name = ExecutionSnapshot.swift; path = CryptoSavingsTracker/Models/ExecutionSnapshot.swift; sourceTree = "<group>"; };
		C493491B92BD0C3AA48933B6 /* MonthlyExecutionRecord.swift */ = {isa = PBXFileReference; includeInIndex = 1; lastKnownFileType = sourcecode.swift; name = MonthlyExecutionRecord.swift; path = CryptoSavingsTracker/Models/MonthlyExecutionRecord.swift; sourceTree = "<group>"; };
		CE0FEC132EF138D400F80950 /* CONTRIBUTION_TRACKING_REDESIGN.md */ = {isa = PBXFileReference; lastKnownFileType = net.daringfireball.markdown; path = CONTRIBUTION_TRACKING_REDESIGN.md; sourceTree = "<group>"; };
		CE1752382EF346CE00E9514F /* CLOUDKIT_MIGRATION_PLAN.md */ = {isa = PBXFileReference; lastKnownFileType = net.daringfireball.markdown; path = CLOUDKIT_MIGRATION_PLAN.md; sourceTree = "<group>"; };
		CE1FBF9B2EEEC0A4008FA3F5 /* CONTRIBUTION_FLOW.md */ = {isa = PBXFileReference; lastKnownFileType = net.daringfireball.markdown; path = CONTRIBUTION_FLOW.md; sourceTree = "<group>"; };
		CE224B232EE8D9FD007288F9 /* CryptoSavingsTrackerUITests.xctestplan */ = {isa = PBXFileReference; lastKnownFileType = text; path = CryptoSavingsTrackerUITests.xctestplan; sourceTree = "<group>"; };
		CEAAFFA62E4E4A5F00A6B5A3 /* ARCHITECTURE.md */ = {isa = PBXFileReference; lastKnownFileType = net.daringfireball.markdown; path = ARCHITECTURE.md; sourceTree = "<group>"; };
		CEAAFFA82E4E4A5F00A6B5A3 /* COMPONENT_REGISTRY.md */ = {isa = PBXFileReference; lastKnownFileType = net.daringfireball.markdown; path = COMPONENT_REGISTRY.md; sourceTree = "<group>"; };
		CEC1D82B2EDF84E200D627EC /* CryptoSavingsTrackerTests.xctestplan */ = {isa = PBXFileReference; lastKnownFileType = text; path = CryptoSavingsTrackerTests.xctestplan; sourceTree = "<group>"; };
		CED9DE672E36232E00203A83 /* ../LICENSE */ = {isa = PBXFileReference; lastKnownFileType = text; path = ../LICENSE; sourceTree = "<group>"; };
		CED9DE682E36232E00203A83 /* ../README.md */ = {isa = PBXFileReference; lastKnownFileType = net.daringfireball.markdown; path = ../README.md; sourceTree = "<group>"; };
		CED9DE6B2E362A1D00203A83 /* Config.plist */ = {isa = PBXFileReference; lastKnownFileType = text.plist.xml; path = Config.plist; sourceTree = "<group>"; };
		CED9DE6D2E362A2C00203A83 /* Config.example.plist */ = {isa = PBXFileReference; lastKnownFileType = text.plist.xml; path = Config.example.plist; sourceTree = "<group>"; };
		CEDD1EDF2E4698B20026BFEF /* .gitkeep */ = {isa = PBXFileReference; lastKnownFileType = text; path = .gitkeep; sourceTree = "<group>"; };
		CEDD1EE12E4698B20026BFEF /* sample-data.md */ = {isa = PBXFileReference; lastKnownFileType = net.daringfireball.markdown; path = "sample-data.md"; sourceTree = "<group>"; };
		CEF7B1E02E33FAB400FB26B3 /* CryptoSavingsTracker.app */ = {isa = PBXFileReference; explicitFileType = wrapper.application; includeInIndex = 0; path = CryptoSavingsTracker.app; sourceTree = BUILT_PRODUCTS_DIR; };
		CEF7B1F12E33FAB600FB26B3 /* CryptoSavingsTrackerTests.xctest */ = {isa = PBXFileReference; explicitFileType = wrapper.cfbundle; includeInIndex = 0; path = CryptoSavingsTrackerTests.xctest; sourceTree = BUILT_PRODUCTS_DIR; };
		CEF7B1FB2E33FAB600FB26B3 /* CryptoSavingsTrackerUITests.xctest */ = {isa = PBXFileReference; explicitFileType = wrapper.cfbundle; includeInIndex = 0; path = CryptoSavingsTrackerUITests.xctest; sourceTree = BUILT_PRODUCTS_DIR; };
/* End PBXFileReference section */

/* Begin PBXFileSystemSynchronizedBuildFileExceptionSet section */
		CEF7B2032E33FAB600FB26B3 /* Exceptions for "CryptoSavingsTracker" folder in "CryptoSavingsTracker" target */ = {
			isa = PBXFileSystemSynchronizedBuildFileExceptionSet;
			membershipExceptions = (
				Info.plist,
			);
			target = CEF7B1DF2E33FAB400FB26B3 /* CryptoSavingsTracker */;
		};
/* End PBXFileSystemSynchronizedBuildFileExceptionSet section */

/* Begin PBXFileSystemSynchronizedRootGroup section */
		CEF7B1E22E33FAB400FB26B3 /* CryptoSavingsTracker */ = {
			isa = PBXFileSystemSynchronizedRootGroup;
			exceptions = (
				CEF7B2032E33FAB600FB26B3 /* Exceptions for "CryptoSavingsTracker" folder in "CryptoSavingsTracker" target */,
			);
			path = CryptoSavingsTracker;
			sourceTree = "<group>";
		};
		CEF7B1F42E33FAB600FB26B3 /* CryptoSavingsTrackerTests */ = {
			isa = PBXFileSystemSynchronizedRootGroup;
			path = CryptoSavingsTrackerTests;
			sourceTree = "<group>";
		};
		CEF7B1FE2E33FAB600FB26B3 /* CryptoSavingsTrackerUITests */ = {
			isa = PBXFileSystemSynchronizedRootGroup;
			path = CryptoSavingsTrackerUITests;
			sourceTree = "<group>";
		};
/* End PBXFileSystemSynchronizedRootGroup section */

/* Begin PBXFrameworksBuildPhase section */
		CEF7B1DD2E33FAB400FB26B3 /* Frameworks */ = {
			isa = PBXFrameworksBuildPhase;
			buildActionMask = 2147483647;
			files = (
			);
			runOnlyForDeploymentPostprocessing = 0;
		};
		CEF7B1EE2E33FAB600FB26B3 /* Frameworks */ = {
			isa = PBXFrameworksBuildPhase;
			buildActionMask = 2147483647;
			files = (
			);
			runOnlyForDeploymentPostprocessing = 0;
		};
		CEF7B1F82E33FAB600FB26B3 /* Frameworks */ = {
			isa = PBXFrameworksBuildPhase;
			buildActionMask = 2147483647;
			files = (
			);
			runOnlyForDeploymentPostprocessing = 0;
		};
/* End PBXFrameworksBuildPhase section */

/* Begin PBXGroup section */
		CEDD1EE02E4698B20026BFEF /* screenshots */ = {
			isa = PBXGroup;
			children = (
				CEDD1EDF2E4698B20026BFEF /* .gitkeep */,
			);
			path = screenshots;
			sourceTree = "<group>";
		};
		CEDD1EE32E4698B20026BFEF /* ../docs */ = {
			isa = PBXGroup;
			children = (
				CE1752382EF346CE00E9514F /* CLOUDKIT_MIGRATION_PLAN.md */,
				CE0FEC132EF138D400F80950 /* CONTRIBUTION_TRACKING_REDESIGN.md */,
				CE1FBF9B2EEEC0A4008FA3F5 /* CONTRIBUTION_FLOW.md */,
				CEAAFFA62E4E4A5F00A6B5A3 /* ARCHITECTURE.md */,
				CEAAFFA82E4E4A5F00A6B5A3 /* COMPONENT_REGISTRY.md */,
				CEDD1EE02E4698B20026BFEF /* screenshots */,
				CEDD1EE12E4698B20026BFEF /* sample-data.md */,
			);
			path = ../docs;
			sourceTree = "<group>";
		};
		CEF7B1D72E33FAB400FB26B3 = {
			isa = PBXGroup;
			children = (
				CE224B232EE8D9FD007288F9 /* CryptoSavingsTrackerUITests.xctestplan */,
				CEC1D82B2EDF84E200D627EC /* CryptoSavingsTrackerTests.xctestplan */,
				CEDD1EE32E4698B20026BFEF /* ../docs */,
				CED9DE6D2E362A2C00203A83 /* Config.example.plist */,
				CED9DE6B2E362A1D00203A83 /* Config.plist */,
				CED9DE672E36232E00203A83 /* ../LICENSE */,
				CED9DE682E36232E00203A83 /* ../README.md */,
				CEF7B1E22E33FAB400FB26B3 /* CryptoSavingsTracker */,
				CEF7B1F42E33FAB600FB26B3 /* CryptoSavingsTrackerTests */,
				CEF7B1FE2E33FAB600FB26B3 /* CryptoSavingsTrackerUITests */,
				CEF7B1E12E33FAB400FB26B3 /* Products */,
				C493491B92BD0C3AA48933B6 /* MonthlyExecutionRecord.swift */,
				94025BA93C3464506EF2FBF8 /* ExecutionSnapshot.swift */,
				2DA29DF83F0229CE3C706F95 /* ExecutionTrackingService.swift */,
				6214ED137F0705A07D8747E0 /* MonthlyExecutionViewModel.swift */,
				4FA0A0551D616B6ACF8B3567 /* MonthlyExecutionView.swift */,
				51F018F76A9D8C23B84771F0 /* MonthlyPlanningContainer.swift */,
			);
			sourceTree = "<group>";
		};
		CEF7B1E12E33FAB400FB26B3 /* Products */ = {
			isa = PBXGroup;
			children = (
				CEF7B1E02E33FAB400FB26B3 /* CryptoSavingsTracker.app */,
				CEF7B1F12E33FAB600FB26B3 /* CryptoSavingsTrackerTests.xctest */,
				CEF7B1FB2E33FAB600FB26B3 /* CryptoSavingsTrackerUITests.xctest */,
			);
			name = Products;
			sourceTree = "<group>";
		};
/* End PBXGroup section */

/* Begin PBXNativeTarget section */
		CEF7B1DF2E33FAB400FB26B3 /* CryptoSavingsTracker */ = {
			isa = PBXNativeTarget;
			buildConfigurationList = CEF7B2042E33FAB600FB26B3 /* Build configuration list for PBXNativeTarget "CryptoSavingsTracker" */;
			buildPhases = (
				CEF7B1DC2E33FAB400FB26B3 /* Sources */,
				CEF7B1DD2E33FAB400FB26B3 /* Frameworks */,
				CEF7B1DE2E33FAB400FB26B3 /* Resources */,
			);
			buildRules = (
			);
			dependencies = (
			);
			fileSystemSynchronizedGroups = (
				CEF7B1E22E33FAB400FB26B3 /* CryptoSavingsTracker */,
			);
			name = CryptoSavingsTracker;
			productName = CryptoSavingsTracker;
			productReference = CEF7B1E02E33FAB400FB26B3 /* CryptoSavingsTracker.app */;
			productType = "com.apple.product-type.application";
		};
		CEF7B1F02E33FAB600FB26B3 /* CryptoSavingsTrackerTests */ = {
			isa = PBXNativeTarget;
			buildConfigurationList = CEF7B2092E33FAB600FB26B3 /* Build configuration list for PBXNativeTarget "CryptoSavingsTrackerTests" */;
			buildPhases = (
				CEF7B1ED2E33FAB600FB26B3 /* Sources */,
				CEF7B1EE2E33FAB600FB26B3 /* Frameworks */,
				CEF7B1EF2E33FAB600FB26B3 /* Resources */,
			);
			buildRules = (
			);
			dependencies = (
				CEF7B1F32E33FAB600FB26B3 /* PBXTargetDependency */,
			);
			fileSystemSynchronizedGroups = (
				CEF7B1F42E33FAB600FB26B3 /* CryptoSavingsTrackerTests */,
			);
			name = CryptoSavingsTrackerTests;
			productName = CryptoSavingsTrackerTests;
			productReference = CEF7B1F12E33FAB600FB26B3 /* CryptoSavingsTrackerTests.xctest */;
			productType = "com.apple.product-type.bundle.unit-test";
		};
		CEF7B1FA2E33FAB600FB26B3 /* CryptoSavingsTrackerUITests */ = {
			isa = PBXNativeTarget;
			buildConfigurationList = CEF7B20C2E33FAB600FB26B3 /* Build configuration list for PBXNativeTarget "CryptoSavingsTrackerUITests" */;
			buildPhases = (
				CEF7B1F72E33FAB600FB26B3 /* Sources */,
				CEF7B1F82E33FAB600FB26B3 /* Frameworks */,
				CEF7B1F92E33FAB600FB26B3 /* Resources */,
			);
			buildRules = (
			);
			dependencies = (
				CEF7B1FD2E33FAB600FB26B3 /* PBXTargetDependency */,
			);
			fileSystemSynchronizedGroups = (
				CEF7B1FE2E33FAB600FB26B3 /* CryptoSavingsTrackerUITests */,
			);
			name = CryptoSavingsTrackerUITests;
			productName = CryptoSavingsTrackerUITests;
			productReference = CEF7B1FB2E33FAB600FB26B3 /* CryptoSavingsTrackerUITests.xctest */;
			productType = "com.apple.product-type.bundle.ui-testing";
		};
/* End PBXNativeTarget section */

/* Begin PBXProject section */
		CEF7B1D82E33FAB400FB26B3 /* Project object */ = {
			isa = PBXProject;
			attributes = {
				BuildIndependentTargetsInParallel = 1;
				LastSwiftUpdateCheck = 2600;
				LastUpgradeCheck = 2610;
				TargetAttributes = {
					CEF7B1DF2E33FAB400FB26B3 = {
						CreatedOnToolsVersion = 26.0;
					};
					CEF7B1F02E33FAB600FB26B3 = {
						CreatedOnToolsVersion = 26.0;
						TestTargetID = CEF7B1DF2E33FAB400FB26B3;
					};
					CEF7B1FA2E33FAB600FB26B3 = {
						CreatedOnToolsVersion = 26.0;
						TestTargetID = CEF7B1DF2E33FAB400FB26B3;
					};
				};
			};
			buildConfigurationList = CEF7B1DB2E33FAB400FB26B3 /* Build configuration list for PBXProject "CryptoSavingsTracker" */;
			developmentRegion = en;
			hasScannedForEncodings = 0;
			knownRegions = (
				en,
				Base,
			);
			mainGroup = CEF7B1D72E33FAB400FB26B3;
			minimizedProjectReferenceProxies = 1;
			preferredProjectObjectVersion = 77;
			productRefGroup = CEF7B1E12E33FAB400FB26B3 /* Products */;
			projectDirPath = "";
			projectRoot = "";
			targets = (
				CEF7B1DF2E33FAB400FB26B3 /* CryptoSavingsTracker */,
				CEF7B1F02E33FAB600FB26B3 /* CryptoSavingsTrackerTests */,
				CEF7B1FA2E33FAB600FB26B3 /* CryptoSavingsTrackerUITests */,
			);
		};
/* End PBXProject section */

/* Begin PBXResourcesBuildPhase section */
		CEF7B1DE2E33FAB400FB26B3 /* Resources */ = {
			isa = PBXResourcesBuildPhase;
			buildActionMask = 2147483647;
			files = (
				CED9DE6C2E362A1D00203A83 /* Config.plist in Resources */,
				CED9DE6E2E362A2C00203A83 /* Config.example.plist in Resources */,
			);
			runOnlyForDeploymentPostprocessing = 0;
		};
		CEF7B1EF2E33FAB600FB26B3 /* Resources */ = {
			isa = PBXResourcesBuildPhase;
			buildActionMask = 2147483647;
			files = (
			);
			runOnlyForDeploymentPostprocessing = 0;
		};
		CEF7B1F92E33FAB600FB26B3 /* Resources */ = {
			isa = PBXResourcesBuildPhase;
			buildActionMask = 2147483647;
			files = (
			);
			runOnlyForDeploymentPostprocessing = 0;
		};
/* End PBXResourcesBuildPhase section */

/* Begin PBXSourcesBuildPhase section */
		CEF7B1DC2E33FAB400FB26B3 /* Sources */ = {
			isa = PBXSourcesBuildPhase;
			buildActionMask = 2147483647;
			files = (
			);
			runOnlyForDeploymentPostprocessing = 0;
		};
		CEF7B1ED2E33FAB600FB26B3 /* Sources */ = {
			isa = PBXSourcesBuildPhase;
			buildActionMask = 2147483647;
			files = (
			);
			runOnlyForDeploymentPostprocessing = 0;
		};
		CEF7B1F72E33FAB600FB26B3 /* Sources */ = {
			isa = PBXSourcesBuildPhase;
			buildActionMask = 2147483647;
			files = (
			);
			runOnlyForDeploymentPostprocessing = 0;
		};
/* End PBXSourcesBuildPhase section */

/* Begin PBXTargetDependency section */
		CEF7B1F32E33FAB600FB26B3 /* PBXTargetDependency */ = {
			isa = PBXTargetDependency;
			target = CEF7B1DF2E33FAB400FB26B3 /* CryptoSavingsTracker */;
			targetProxy = CEF7B1F22E33FAB600FB26B3 /* PBXContainerItemProxy */;
		};
		CEF7B1FD2E33FAB600FB26B3 /* PBXTargetDependency */ = {
			isa = PBXTargetDependency;
			target = CEF7B1DF2E33FAB400FB26B3 /* CryptoSavingsTracker */;
			targetProxy = CEF7B1FC2E33FAB600FB26B3 /* PBXContainerItemProxy */;
		};
/* End PBXTargetDependency section */

/* Begin XCBuildConfiguration section */
		CEF7B2052E33FAB600FB26B3 /* Debug */ = {
			isa = XCBuildConfiguration;
			buildSettings = {
				ASSETCATALOG_COMPILER_APPICON_NAME = AppIcon;
				ASSETCATALOG_COMPILER_GLOBAL_ACCENT_COLOR_NAME = AccentColor;
				ASSETCATALOG_COMPILER_INCLUDE_ALL_APPICON_ASSETS = YES;
				CODE_SIGN_ENTITLEMENTS = CryptoSavingsTracker/CryptoSavingsTracker.entitlements;
				CODE_SIGN_IDENTITY = "Apple Development";
				"CODE_SIGN_IDENTITY[sdk=macosx*]" = "Apple Development";
				CODE_SIGN_STYLE = Automatic;
				CURRENT_PROJECT_VERSION = 16;
				DEAD_CODE_STRIPPING = YES;
				DEVELOPMENT_TEAM = R859U8DTY9;
				ENABLE_APP_SANDBOX = YES;
				ENABLE_HARDENED_RUNTIME = YES;
				ENABLE_INCOMING_NETWORK_CONNECTIONS = NO;
				ENABLE_OUTGOING_NETWORK_CONNECTIONS = YES;
				ENABLE_PREVIEWS = YES;
				ENABLE_RESOURCE_ACCESS_AUDIO_INPUT = NO;
				ENABLE_RESOURCE_ACCESS_BLUETOOTH = NO;
				ENABLE_RESOURCE_ACCESS_CALENDARS = NO;
				ENABLE_RESOURCE_ACCESS_CAMERA = NO;
				ENABLE_RESOURCE_ACCESS_CONTACTS = NO;
				ENABLE_RESOURCE_ACCESS_LOCATION = NO;
				ENABLE_RESOURCE_ACCESS_PRINTING = NO;
				ENABLE_RESOURCE_ACCESS_USB = NO;
				ENABLE_USER_SELECTED_FILES = readonly;
				GENERATE_INFOPLIST_FILE = YES;
				INFOPLIST_FILE = CryptoSavingsTracker/Info.plist;
				INFOPLIST_KEY_LSApplicationCategoryType = "public.app-category.finance";
				"INFOPLIST_KEY_UIApplicationSceneManifest_Generation[sdk=iphoneos*]" = YES;
				"INFOPLIST_KEY_UIApplicationSceneManifest_Generation[sdk=iphonesimulator*]" = YES;
				"INFOPLIST_KEY_UIApplicationSupportsIndirectInputEvents[sdk=iphoneos*]" = YES;
				"INFOPLIST_KEY_UIApplicationSupportsIndirectInputEvents[sdk=iphonesimulator*]" = YES;
				"INFOPLIST_KEY_UILaunchScreen_Generation[sdk=iphoneos*]" = YES;
				"INFOPLIST_KEY_UILaunchScreen_Generation[sdk=iphonesimulator*]" = YES;
				"INFOPLIST_KEY_UIStatusBarStyle[sdk=iphoneos*]" = UIStatusBarStyleDefault;
				"INFOPLIST_KEY_UIStatusBarStyle[sdk=iphonesimulator*]" = UIStatusBarStyleDefault;
				INFOPLIST_KEY_UISupportedInterfaceOrientations_iPad = "UIInterfaceOrientationPortrait UIInterfaceOrientationPortraitUpsideDown UIInterfaceOrientationLandscapeLeft UIInterfaceOrientationLandscapeRight";
				INFOPLIST_KEY_UISupportedInterfaceOrientations_iPhone = "UIInterfaceOrientationPortrait UIInterfaceOrientationLandscapeLeft UIInterfaceOrientationLandscapeRight";
				IPHONEOS_DEPLOYMENT_TARGET = 18.0;
				LD_RUNPATH_SEARCH_PATHS = "@executable_path/Frameworks";
				"LD_RUNPATH_SEARCH_PATHS[sdk=macosx*]" = "@executable_path/../Frameworks";
				MACOSX_DEPLOYMENT_TARGET = 15.5;
				MARKETING_VERSION = 1.0;
				PRODUCT_BUNDLE_IDENTIFIER = xax.CryptoSavingsTracker;
				PRODUCT_NAME = "$(TARGET_NAME)";
				PROVISIONING_PROFILE_SPECIFIER = "";
				REGISTER_APP_GROUPS = YES;
				SDKROOT = auto;
				STRING_CATALOG_GENERATE_SYMBOLS = YES;
				SUPPORTED_PLATFORMS = "iphoneos iphonesimulator macosx xros xrsimulator";
				SWIFT_DEFAULT_ACTOR_ISOLATION = MainActor;
				SWIFT_EMIT_LOC_STRINGS = YES;
				SWIFT_UPCOMING_FEATURE_MEMBER_IMPORT_VISIBILITY = YES;
				SWIFT_VERSION = 5.0;
				TARGETED_DEVICE_FAMILY = "1,2,7";
				XROS_DEPLOYMENT_TARGET = 26.0;
			};
			name = Debug;
		};
		CEF7B2062E33FAB600FB26B3 /* Release */ = {
			isa = XCBuildConfiguration;
			buildSettings = {
				ASSETCATALOG_COMPILER_APPICON_NAME = AppIcon;
				ASSETCATALOG_COMPILER_GLOBAL_ACCENT_COLOR_NAME = AccentColor;
				ASSETCATALOG_COMPILER_INCLUDE_ALL_APPICON_ASSETS = YES;
				CODE_SIGN_ENTITLEMENTS = CryptoSavingsTracker/CryptoSavingsTracker.entitlements;
				CODE_SIGN_IDENTITY = "Apple Development";
				"CODE_SIGN_IDENTITY[sdk=macosx*]" = "Apple Development";
				CODE_SIGN_STYLE = Automatic;
				CURRENT_PROJECT_VERSION = 16;
				DEAD_CODE_STRIPPING = YES;
				DEVELOPMENT_TEAM = R859U8DTY9;
				ENABLE_APP_SANDBOX = YES;
				ENABLE_HARDENED_RUNTIME = YES;
				ENABLE_INCOMING_NETWORK_CONNECTIONS = NO;
				ENABLE_OUTGOING_NETWORK_CONNECTIONS = YES;
				ENABLE_PREVIEWS = YES;
				ENABLE_RESOURCE_ACCESS_AUDIO_INPUT = NO;
				ENABLE_RESOURCE_ACCESS_BLUETOOTH = NO;
				ENABLE_RESOURCE_ACCESS_CALENDARS = NO;
				ENABLE_RESOURCE_ACCESS_CAMERA = NO;
				ENABLE_RESOURCE_ACCESS_CONTACTS = NO;
				ENABLE_RESOURCE_ACCESS_LOCATION = NO;
				ENABLE_RESOURCE_ACCESS_PRINTING = NO;
				ENABLE_RESOURCE_ACCESS_USB = NO;
				ENABLE_USER_SELECTED_FILES = readonly;
				GENERATE_INFOPLIST_FILE = YES;
				INFOPLIST_FILE = CryptoSavingsTracker/Info.plist;
				INFOPLIST_KEY_LSApplicationCategoryType = "public.app-category.finance";
				"INFOPLIST_KEY_UIApplicationSceneManifest_Generation[sdk=iphoneos*]" = YES;
				"INFOPLIST_KEY_UIApplicationSceneManifest_Generation[sdk=iphonesimulator*]" = YES;
				"INFOPLIST_KEY_UIApplicationSupportsIndirectInputEvents[sdk=iphoneos*]" = YES;
				"INFOPLIST_KEY_UIApplicationSupportsIndirectInputEvents[sdk=iphonesimulator*]" = YES;
				"INFOPLIST_KEY_UILaunchScreen_Generation[sdk=iphoneos*]" = YES;
				"INFOPLIST_KEY_UILaunchScreen_Generation[sdk=iphonesimulator*]" = YES;
				"INFOPLIST_KEY_UIStatusBarStyle[sdk=iphoneos*]" = UIStatusBarStyleDefault;
				"INFOPLIST_KEY_UIStatusBarStyle[sdk=iphonesimulator*]" = UIStatusBarStyleDefault;
				INFOPLIST_KEY_UISupportedInterfaceOrientations_iPad = "UIInterfaceOrientationPortrait UIInterfaceOrientationPortraitUpsideDown UIInterfaceOrientationLandscapeLeft UIInterfaceOrientationLandscapeRight";
				INFOPLIST_KEY_UISupportedInterfaceOrientations_iPhone = "UIInterfaceOrientationPortrait UIInterfaceOrientationLandscapeLeft UIInterfaceOrientationLandscapeRight";
				IPHONEOS_DEPLOYMENT_TARGET = 18.0;
				LD_RUNPATH_SEARCH_PATHS = "@executable_path/Frameworks";
				"LD_RUNPATH_SEARCH_PATHS[sdk=macosx*]" = "@executable_path/../Frameworks";
				MACOSX_DEPLOYMENT_TARGET = 15.5;
				MARKETING_VERSION = 1.0;
				PRODUCT_BUNDLE_IDENTIFIER = xax.CryptoSavingsTracker;
				PRODUCT_NAME = "$(TARGET_NAME)";
				PROVISIONING_PROFILE_SPECIFIER = "";
				REGISTER_APP_GROUPS = YES;
				SDKROOT = auto;
				STRING_CATALOG_GENERATE_SYMBOLS = YES;
				SUPPORTED_PLATFORMS = "iphoneos iphonesimulator macosx xros xrsimulator";
				SWIFT_DEFAULT_ACTOR_ISOLATION = MainActor;
				SWIFT_EMIT_LOC_STRINGS = YES;
				SWIFT_UPCOMING_FEATURE_MEMBER_IMPORT_VISIBILITY = YES;
				SWIFT_VERSION = 5.0;
				TARGETED_DEVICE_FAMILY = "1,2,7";
				XROS_DEPLOYMENT_TARGET = 26.0;
			};
			name = Release;
		};
		CEF7B2072E33FAB600FB26B3 /* Debug */ = {
			isa = XCBuildConfiguration;
			buildSettings = {
				ALWAYS_SEARCH_USER_PATHS = NO;
				ASSETCATALOG_COMPILER_GENERATE_SWIFT_ASSET_SYMBOL_EXTENSIONS = YES;
				CLANG_ANALYZER_NONNULL = YES;
				CLANG_ANALYZER_NUMBER_OBJECT_CONVERSION = YES_AGGRESSIVE;
				CLANG_CXX_LANGUAGE_STANDARD = "gnu++20";
				CLANG_ENABLE_MODULES = YES;
				CLANG_ENABLE_OBJC_ARC = YES;
				CLANG_ENABLE_OBJC_WEAK = YES;
				CLANG_WARN_BLOCK_CAPTURE_AUTORELEASING = YES;
				CLANG_WARN_BOOL_CONVERSION = YES;
				CLANG_WARN_COMMA = YES;
				CLANG_WARN_CONSTANT_CONVERSION = YES;
				CLANG_WARN_DEPRECATED_OBJC_IMPLEMENTATIONS = YES;
				CLANG_WARN_DIRECT_OBJC_ISA_USAGE = YES_ERROR;
				CLANG_WARN_DOCUMENTATION_COMMENTS = YES;
				CLANG_WARN_EMPTY_BODY = YES;
				CLANG_WARN_ENUM_CONVERSION = YES;
				CLANG_WARN_INFINITE_RECURSION = YES;
				CLANG_WARN_INT_CONVERSION = YES;
				CLANG_WARN_NON_LITERAL_NULL_CONVERSION = YES;
				CLANG_WARN_OBJC_IMPLICIT_RETAIN_SELF = YES;
				CLANG_WARN_OBJC_LITERAL_CONVERSION = YES;
				CLANG_WARN_OBJC_ROOT_CLASS = YES_ERROR;
				CLANG_WARN_QUOTED_INCLUDE_IN_FRAMEWORK_HEADER = YES;
				CLANG_WARN_RANGE_LOOP_ANALYSIS = YES;
				CLANG_WARN_STRICT_PROTOTYPES = YES;
				CLANG_WARN_SUSPICIOUS_MOVE = YES;
				CLANG_WARN_UNGUARDED_AVAILABILITY = YES_AGGRESSIVE;
				CLANG_WARN_UNREACHABLE_CODE = YES;
				CLANG_WARN__DUPLICATE_METHOD_MATCH = YES;
				COPY_PHASE_STRIP = NO;
				DEAD_CODE_STRIPPING = YES;
				DEBUG_INFORMATION_FORMAT = dwarf;
				DEVELOPMENT_TEAM = R859U8DTY9;
				ENABLE_STRICT_OBJC_MSGSEND = YES;
				ENABLE_TESTABILITY = YES;
				ENABLE_USER_SCRIPT_SANDBOXING = YES;
				GCC_C_LANGUAGE_STANDARD = gnu17;
				GCC_DYNAMIC_NO_PIC = NO;
				GCC_NO_COMMON_BLOCKS = YES;
				GCC_OPTIMIZATION_LEVEL = 0;
				GCC_PREPROCESSOR_DEFINITIONS = (
					"DEBUG=1",
					"$(inherited)",
				);
				GCC_WARN_64_TO_32_BIT_CONVERSION = YES;
				GCC_WARN_ABOUT_RETURN_TYPE = YES_ERROR;
				GCC_WARN_UNDECLARED_SELECTOR = YES;
				GCC_WARN_UNINITIALIZED_AUTOS = YES_AGGRESSIVE;
				GCC_WARN_UNUSED_FUNCTION = YES;
				GCC_WARN_UNUSED_VARIABLE = YES;
				LOCALIZATION_PREFERS_STRING_CATALOGS = YES;
				MTL_ENABLE_DEBUG_INFO = INCLUDE_SOURCE;
				MTL_FAST_MATH = YES;
				ONLY_ACTIVE_ARCH = YES;
				STRING_CATALOG_GENERATE_SYMBOLS = YES;
				SWIFT_ACTIVE_COMPILATION_CONDITIONS = "DEBUG $(inherited)";
				SWIFT_OPTIMIZATION_LEVEL = "-Onone";
			};
			name = Debug;
		};
		CEF7B2082E33FAB600FB26B3 /* Release */ = {
			isa = XCBuildConfiguration;
			buildSettings = {
				ALWAYS_SEARCH_USER_PATHS = NO;
				ASSETCATALOG_COMPILER_GENERATE_SWIFT_ASSET_SYMBOL_EXTENSIONS = YES;
				CLANG_ANALYZER_NONNULL = YES;
				CLANG_ANALYZER_NUMBER_OBJECT_CONVERSION = YES_AGGRESSIVE;
				CLANG_CXX_LANGUAGE_STANDARD = "gnu++20";
				CLANG_ENABLE_MODULES = YES;
				CLANG_ENABLE_OBJC_ARC = YES;
				CLANG_ENABLE_OBJC_WEAK = YES;
				CLANG_WARN_BLOCK_CAPTURE_AUTORELEASING = YES;
				CLANG_WARN_BOOL_CONVERSION = YES;
				CLANG_WARN_COMMA = YES;
				CLANG_WARN_CONSTANT_CONVERSION = YES;
				CLANG_WARN_DEPRECATED_OBJC_IMPLEMENTATIONS = YES;
				CLANG_WARN_DIRECT_OBJC_ISA_USAGE = YES_ERROR;
				CLANG_WARN_DOCUMENTATION_COMMENTS = YES;
				CLANG_WARN_EMPTY_BODY = YES;
				CLANG_WARN_ENUM_CONVERSION = YES;
				CLANG_WARN_INFINITE_RECURSION = YES;
				CLANG_WARN_INT_CONVERSION = YES;
				CLANG_WARN_NON_LITERAL_NULL_CONVERSION = YES;
				CLANG_WARN_OBJC_IMPLICIT_RETAIN_SELF = YES;
				CLANG_WARN_OBJC_LITERAL_CONVERSION = YES;
				CLANG_WARN_OBJC_ROOT_CLASS = YES_ERROR;
				CLANG_WARN_QUOTED_INCLUDE_IN_FRAMEWORK_HEADER = YES;
				CLANG_WARN_RANGE_LOOP_ANALYSIS = YES;
				CLANG_WARN_STRICT_PROTOTYPES = YES;
				CLANG_WARN_SUSPICIOUS_MOVE = YES;
				CLANG_WARN_UNGUARDED_AVAILABILITY = YES_AGGRESSIVE;
				CLANG_WARN_UNREACHABLE_CODE = YES;
				CLANG_WARN__DUPLICATE_METHOD_MATCH = YES;
				COPY_PHASE_STRIP = NO;
				DEAD_CODE_STRIPPING = YES;
				DEBUG_INFORMATION_FORMAT = "dwarf-with-dsym";
				DEVELOPMENT_TEAM = R859U8DTY9;
				ENABLE_NS_ASSERTIONS = NO;
				ENABLE_STRICT_OBJC_MSGSEND = YES;
				ENABLE_USER_SCRIPT_SANDBOXING = YES;
				GCC_C_LANGUAGE_STANDARD = gnu17;
				GCC_NO_COMMON_BLOCKS = YES;
				GCC_WARN_64_TO_32_BIT_CONVERSION = YES;
				GCC_WARN_ABOUT_RETURN_TYPE = YES_ERROR;
				GCC_WARN_UNDECLARED_SELECTOR = YES;
				GCC_WARN_UNINITIALIZED_AUTOS = YES_AGGRESSIVE;
				GCC_WARN_UNUSED_FUNCTION = YES;
				GCC_WARN_UNUSED_VARIABLE = YES;
				LOCALIZATION_PREFERS_STRING_CATALOGS = YES;
				MTL_ENABLE_DEBUG_INFO = NO;
				MTL_FAST_MATH = YES;
				STRING_CATALOG_GENERATE_SYMBOLS = YES;
				SWIFT_COMPILATION_MODE = wholemodule;
			};
			name = Release;
		};
		CEF7B20A2E33FAB600FB26B3 /* Debug */ = {
			isa = XCBuildConfiguration;
			buildSettings = {
				BUNDLE_LOADER = "$(TEST_HOST)";
				CODE_SIGN_STYLE = Automatic;
				CURRENT_PROJECT_VERSION = 1;
				DEAD_CODE_STRIPPING = YES;
				DEVELOPMENT_TEAM = R859U8DTY9;
				GENERATE_INFOPLIST_FILE = YES;
				IPHONEOS_DEPLOYMENT_TARGET = 26.0;
				MACOSX_DEPLOYMENT_TARGET = 26.0;
				MARKETING_VERSION = 1.0;
				PRODUCT_BUNDLE_IDENTIFIER = xax.CryptoSavingsTrackerTests;
				PRODUCT_NAME = "$(TARGET_NAME)";
				SDKROOT = auto;
				STRING_CATALOG_GENERATE_SYMBOLS = NO;
				SUPPORTED_PLATFORMS = "iphoneos iphonesimulator macosx xros xrsimulator";
				SWIFT_EMIT_LOC_STRINGS = NO;
				SWIFT_UPCOMING_FEATURE_MEMBER_IMPORT_VISIBILITY = YES;
				SWIFT_VERSION = 5.0;
				TARGETED_DEVICE_FAMILY = "1,2,7";
				TEST_HOST = "$(BUILT_PRODUCTS_DIR)/CryptoSavingsTracker.app/$(BUNDLE_EXECUTABLE_FOLDER_PATH)/CryptoSavingsTracker";
				XROS_DEPLOYMENT_TARGET = 26.0;
			};
			name = Debug;
		};
		CEF7B20B2E33FAB600FB26B3 /* Release */ = {
			isa = XCBuildConfiguration;
			buildSettings = {
				BUNDLE_LOADER = "$(TEST_HOST)";
				CODE_SIGN_STYLE = Automatic;
				CURRENT_PROJECT_VERSION = 1;
				DEAD_CODE_STRIPPING = YES;
				DEVELOPMENT_TEAM = R859U8DTY9;
				GENERATE_INFOPLIST_FILE = YES;
				IPHONEOS_DEPLOYMENT_TARGET = 26.0;
				MACOSX_DEPLOYMENT_TARGET = 26.0;
				MARKETING_VERSION = 1.0;
				PRODUCT_BUNDLE_IDENTIFIER = xax.CryptoSavingsTrackerTests;
				PRODUCT_NAME = "$(TARGET_NAME)";
				SDKROOT = auto;
				STRING_CATALOG_GENERATE_SYMBOLS = NO;
				SUPPORTED_PLATFORMS = "iphoneos iphonesimulator macosx xros xrsimulator";
				SWIFT_EMIT_LOC_STRINGS = NO;
				SWIFT_UPCOMING_FEATURE_MEMBER_IMPORT_VISIBILITY = YES;
				SWIFT_VERSION = 5.0;
				TARGETED_DEVICE_FAMILY = "1,2,7";
				TEST_HOST = "$(BUILT_PRODUCTS_DIR)/CryptoSavingsTracker.app/$(BUNDLE_EXECUTABLE_FOLDER_PATH)/CryptoSavingsTracker";
				XROS_DEPLOYMENT_TARGET = 26.0;
			};
			name = Release;
		};
		CEF7B20D2E33FAB600FB26B3 /* Debug */ = {
			isa = XCBuildConfiguration;
			buildSettings = {
				CODE_SIGN_STYLE = Automatic;
				CURRENT_PROJECT_VERSION = 1;
				DEAD_CODE_STRIPPING = YES;
				DEVELOPMENT_TEAM = R859U8DTY9;
				GENERATE_INFOPLIST_FILE = YES;
				IPHONEOS_DEPLOYMENT_TARGET = 17.0;
				MACOSX_DEPLOYMENT_TARGET = 14.0;
				MARKETING_VERSION = 1.0;
				PRODUCT_BUNDLE_IDENTIFIER = xax.CryptoSavingsTrackerUITests;
				PRODUCT_NAME = "$(TARGET_NAME)";
				SDKROOT = auto;
				STRING_CATALOG_GENERATE_SYMBOLS = NO;
				SUPPORTED_PLATFORMS = "iphoneos iphonesimulator macosx xros xrsimulator";
				SWIFT_EMIT_LOC_STRINGS = NO;
				SWIFT_UPCOMING_FEATURE_MEMBER_IMPORT_VISIBILITY = YES;
				SWIFT_VERSION = 5.0;
				TARGETED_DEVICE_FAMILY = "1,2,7";
				TEST_TARGET_NAME = CryptoSavingsTracker;
				XROS_DEPLOYMENT_TARGET = 26.0;
			};
			name = Debug;
		};
		CEF7B20E2E33FAB600FB26B3 /* Release */ = {
			isa = XCBuildConfiguration;
			buildSettings = {
				CODE_SIGN_STYLE = Automatic;
				CURRENT_PROJECT_VERSION = 1;
				DEAD_CODE_STRIPPING = YES;
				DEVELOPMENT_TEAM = R859U8DTY9;
				GENERATE_INFOPLIST_FILE = YES;
				IPHONEOS_DEPLOYMENT_TARGET = 17.0;
				MACOSX_DEPLOYMENT_TARGET = 14.0;
				MARKETING_VERSION = 1.0;
				PRODUCT_BUNDLE_IDENTIFIER = xax.CryptoSavingsTrackerUITests;
				PRODUCT_NAME = "$(TARGET_NAME)";
				SDKROOT = auto;
				STRING_CATALOG_GENERATE_SYMBOLS = NO;
				SUPPORTED_PLATFORMS = "iphoneos iphonesimulator macosx xros xrsimulator";
				SWIFT_EMIT_LOC_STRINGS = NO;
				SWIFT_UPCOMING_FEATURE_MEMBER_IMPORT_VISIBILITY = YES;
				SWIFT_VERSION = 5.0;
				TARGETED_DEVICE_FAMILY = "1,2,7";
				TEST_TARGET_NAME = CryptoSavingsTracker;
				XROS_DEPLOYMENT_TARGET = 26.0;
			};
			name = Release;
		};
/* End XCBuildConfiguration section */

/* Begin XCConfigurationList section */
		CEF7B1DB2E33FAB400FB26B3 /* Build configuration list for PBXProject "CryptoSavingsTracker" */ = {
			isa = XCConfigurationList;
			buildConfigurations = (
				CEF7B2072E33FAB600FB26B3 /* Debug */,
				CEF7B2082E33FAB600FB26B3 /* Release */,
			);
			defaultConfigurationIsVisible = 0;
			defaultConfigurationName = Release;
		};
		CEF7B2042E33FAB600FB26B3 /* Build configuration list for PBXNativeTarget "CryptoSavingsTracker" */ = {
			isa = XCConfigurationList;
			buildConfigurations = (
				CEF7B2052E33FAB600FB26B3 /* Debug */,
				CEF7B2062E33FAB600FB26B3 /* Release */,
			);
			defaultConfigurationIsVisible = 0;
			defaultConfigurationName = Release;
		};
		CEF7B2092E33FAB600FB26B3 /* Build configuration list for PBXNativeTarget "CryptoSavingsTrackerTests" */ = {
			isa = XCConfigurationList;
			buildConfigurations = (
				CEF7B20A2E33FAB600FB26B3 /* Debug */,
				CEF7B20B2E33FAB600FB26B3 /* Release */,
			);
			defaultConfigurationIsVisible = 0;
			defaultConfigurationName = Release;
		};
		CEF7B20C2E33FAB600FB26B3 /* Build configuration list for PBXNativeTarget "CryptoSavingsTrackerUITests" */ = {
			isa = XCConfigurationList;
			buildConfigurations = (
				CEF7B20D2E33FAB600FB26B3 /* Debug */,
				CEF7B20E2E33FAB600FB26B3 /* Release */,
			);
			defaultConfigurationIsVisible = 0;
			defaultConfigurationName = Release;
		};
/* End XCConfigurationList section */
	};
	rootObject = CEF7B1D82E33FAB400FB26B3 /* Project object */;
}
